
Microsoft Visual Studio Solution File, Format Version 12.00
# Visual Studio 14
VisualStudioVersion = 14.0.25420.1
MinimumVisualStudioVersion = 10.0.40219.1
Project("{FAE04EC0-301F-11D3-BF4B-00C04F79EFBC}") = "ECommerceApp", "ECommerceApp\ECommerceApp\ECommerceApp.csproj", "{F08DDE33-C51B-401E-813D-1BC715E503FF}"
EndProject
Project("{FAE04EC0-301F-11D3-BF4B-00C04F79EFBC}") = "ECommerceApp.Droid", "ECommerceApp\ECommerceApp.Droid\ECommerceApp.Droid.csproj", "{04BB5F55-3174-49C5-B047-54C5572D12EE}"
EndProject
Project("{FAE04EC0-301F-11D3-BF4B-00C04F79EFBC}") = "ECommerceApp.iOS", "ECommerceApp\ECommerceApp.iOS\ECommerceApp.iOS.csproj", "{D6D59002-5EEE-4C88-A4D8-04560405096D}"
EndProject
Project("{FAE04EC0-301F-11D3-BF4B-00C04F79EFBC}") = "ECommerceApp.WinPhone", "ECommerceApp\ECommerceApp.WinPhone\ECommerceApp.WinPhone.csproj", "{04537A20-2C18-4F4B-8F39-C816A5366352}"
EndProject
Project("{FAE04EC0-301F-11D3-BF4B-00C04F79EFBC}") = "ECommerceApp.UWP", "ECommerceApp\ECommerceApp.UWP\ECommerceApp.UWP.csproj", "{2E150223-DAC3-41CD-B342-7DE6DB8AE460}"
EndProject
Project("{FAE04EC0-301F-11D3-BF4B-00C04F79EFBC}") = "ECommerceApp.Windows", "ECommerceApp\ECommerceApp.Windows\ECommerceApp.Windows.csproj", "{E47CEF81-0FC4-4BBC-86A4-FA87E6E15CEC}"
EndProject
Global
	GlobalSection(SolutionConfigurationPlatforms) = preSolution
		Ad-Hoc|Any CPU = Ad-Hoc|Any CPU
		Ad-Hoc|ARM = Ad-Hoc|ARM
		Ad-Hoc|iPhone = Ad-Hoc|iPhone
		Ad-Hoc|iPhoneSimulator = Ad-Hoc|iPhoneSimulator
		Ad-Hoc|x64 = Ad-Hoc|x64
		Ad-Hoc|x86 = Ad-Hoc|x86
		AppStore|Any CPU = AppStore|Any CPU
		AppStore|ARM = AppStore|ARM
		AppStore|iPhone = AppStore|iPhone
		AppStore|iPhoneSimulator = AppStore|iPhoneSimulator
		AppStore|x64 = AppStore|x64
		AppStore|x86 = AppStore|x86
		Debug|Any CPU = Debug|Any CPU
		Debug|ARM = Debug|ARM
		Debug|iPhone = Debug|iPhone
		Debug|iPhoneSimulator = Debug|iPhoneSimulator
		Debug|x64 = Debug|x64
		Debug|x86 = Debug|x86
		Release|Any CPU = Release|Any CPU
		Release|ARM = Release|ARM
		Release|iPhone = Release|iPhone
		Release|iPhoneSimulator = Release|iPhoneSimulator
		Release|x64 = Release|x64
		Release|x86 = Release|x86
	EndGlobalSection
	GlobalSection(ProjectConfigurationPlatforms) = postSolution
		{F08DDE33-C51B-401E-813D-1BC715E503FF}.Ad-Hoc|Any CPU.ActiveCfg = Release|Any CPU
		{F08DDE33-C51B-401E-813D-1BC715E503FF}.Ad-Hoc|Any CPU.Build.0 = Release|Any CPU
		{F08DDE33-C51B-401E-813D-1BC715E503FF}.Ad-Hoc|ARM.ActiveCfg = Release|Any CPU
		{F08DDE33-C51B-401E-813D-1BC715E503FF}.Ad-Hoc|ARM.Build.0 = Release|Any CPU
		{F08DDE33-C51B-401E-813D-1BC715E503FF}.Ad-Hoc|iPhone.ActiveCfg = Release|Any CPU
		{F08DDE33-C51B-401E-813D-1BC715E503FF}.Ad-Hoc|iPhone.Build.0 = Release|Any CPU
		{F08DDE33-C51B-401E-813D-1BC715E503FF}.Ad-Hoc|iPhoneSimulator.ActiveCfg = Release|Any CPU
		{F08DDE33-C51B-401E-813D-1BC715E503FF}.Ad-Hoc|iPhoneSimulator.Build.0 = Release|Any CPU
		{F08DDE33-C51B-401E-813D-1BC715E503FF}.Ad-Hoc|x64.ActiveCfg = Release|Any CPU
		{F08DDE33-C51B-401E-813D-1BC715E503FF}.Ad-Hoc|x64.Build.0 = Release|Any CPU
		{F08DDE33-C51B-401E-813D-1BC715E503FF}.Ad-Hoc|x86.ActiveCfg = Release|Any CPU
		{F08DDE33-C51B-401E-813D-1BC715E503FF}.Ad-Hoc|x86.Build.0 = Release|Any CPU
		{F08DDE33-C51B-401E-813D-1BC715E503FF}.AppStore|Any CPU.ActiveCfg = Release|Any CPU
		{F08DDE33-C51B-401E-813D-1BC715E503FF}.AppStore|Any CPU.Build.0 = Release|Any CPU
		{F08DDE33-C51B-401E-813D-1BC715E503FF}.AppStore|ARM.ActiveCfg = Release|Any CPU
		{F08DDE33-C51B-401E-813D-1BC715E503FF}.AppStore|ARM.Build.0 = Release|Any CPU
		{F08DDE33-C51B-401E-813D-1BC715E503FF}.AppStore|iPhone.ActiveCfg = Release|Any CPU
		{F08DDE33-C51B-401E-813D-1BC715E503FF}.AppStore|iPhone.Build.0 = Release|Any CPU
		{F08DDE33-C51B-401E-813D-1BC715E503FF}.AppStore|iPhoneSimulator.ActiveCfg = Release|Any CPU
		{F08DDE33-C51B-401E-813D-1BC715E503FF}.AppStore|iPhoneSimulator.Build.0 = Release|Any CPU
		{F08DDE33-C51B-401E-813D-1BC715E503FF}.AppStore|x64.ActiveCfg = Release|Any CPU
		{F08DDE33-C51B-401E-813D-1BC715E503FF}.AppStore|x64.Build.0 = Release|Any CPU
		{F08DDE33-C51B-401E-813D-1BC715E503FF}.AppStore|x86.ActiveCfg = Release|Any CPU
		{F08DDE33-C51B-401E-813D-1BC715E503FF}.AppStore|x86.Build.0 = Release|Any CPU
		{F08DDE33-C51B-401E-813D-1BC715E503FF}.Debug|Any CPU.ActiveCfg = Debug|Any CPU
		{F08DDE33-C51B-401E-813D-1BC715E503FF}.Debug|Any CPU.Build.0 = Debug|Any CPU
		{F08DDE33-C51B-401E-813D-1BC715E503FF}.Debug|ARM.ActiveCfg = Debug|Any CPU
		{F08DDE33-C51B-401E-813D-1BC715E503FF}.Debug|ARM.Build.0 = Debug|Any CPU
		{F08DDE33-C51B-401E-813D-1BC715E503FF}.Debug|iPhone.ActiveCfg = Debug|Any CPU
		{F08DDE33-C51B-401E-813D-1BC715E503FF}.Debug|iPhone.Build.0 = Debug|Any CPU
		{F08DDE33-C51B-401E-813D-1BC715E503FF}.Debug|iPhoneSimulator.ActiveCfg = Debug|Any CPU
		{F08DDE33-C51B-401E-813D-1BC715E503FF}.Debug|iPhoneSimulator.Build.0 = Debug|Any CPU
		{F08DDE33-C51B-401E-813D-1BC715E503FF}.Debug|x64.ActiveCfg = Debug|Any CPU
		{F08DDE33-C51B-401E-813D-1BC715E503FF}.Debug|x64.Build.0 = Debug|Any CPU
		{F08DDE33-C51B-401E-813D-1BC715E503FF}.Debug|x86.ActiveCfg = Debug|Any CPU
		{F08DDE33-C51B-401E-813D-1BC715E503FF}.Debug|x86.Build.0 = Debug|Any CPU
		{F08DDE33-C51B-401E-813D-1BC715E503FF}.Release|Any CPU.ActiveCfg = Release|Any CPU
		{F08DDE33-C51B-401E-813D-1BC715E503FF}.Release|Any CPU.Build.0 = Release|Any CPU
		{F08DDE33-C51B-401E-813D-1BC715E503FF}.Release|ARM.ActiveCfg = Release|Any CPU
		{F08DDE33-C51B-401E-813D-1BC715E503FF}.Release|ARM.Build.0 = Release|Any CPU
		{F08DDE33-C51B-401E-813D-1BC715E503FF}.Release|iPhone.ActiveCfg = Release|Any CPU
		{F08DDE33-C51B-401E-813D-1BC715E503FF}.Release|iPhone.Build.0 = Release|Any CPU
		{F08DDE33-C51B-401E-813D-1BC715E503FF}.Release|iPhoneSimulator.ActiveCfg = Release|Any CPU
		{F08DDE33-C51B-401E-813D-1BC715E503FF}.Release|iPhoneSimulator.Build.0 = Release|Any CPU
		{F08DDE33-C51B-401E-813D-1BC715E503FF}.Release|x64.ActiveCfg = Release|Any CPU
		{F08DDE33-C51B-401E-813D-1BC715E503FF}.Release|x64.Build.0 = Release|Any CPU
		{F08DDE33-C51B-401E-813D-1BC715E503FF}.Release|x86.ActiveCfg = Release|Any CPU
		{F08DDE33-C51B-401E-813D-1BC715E503FF}.Release|x86.Build.0 = Release|Any CPU
		{04BB5F55-3174-49C5-B047-54C5572D12EE}.Ad-Hoc|Any CPU.ActiveCfg = Release|Any CPU
		{04BB5F55-3174-49C5-B047-54C5572D12EE}.Ad-Hoc|Any CPU.Build.0 = Release|Any CPU
		{04BB5F55-3174-49C5-B047-54C5572D12EE}.Ad-Hoc|Any CPU.Deploy.0 = Release|Any CPU
		{04BB5F55-3174-49C5-B047-54C5572D12EE}.Ad-Hoc|ARM.ActiveCfg = Release|Any CPU
		{04BB5F55-3174-49C5-B047-54C5572D12EE}.Ad-Hoc|ARM.Build.0 = Release|Any CPU
		{04BB5F55-3174-49C5-B047-54C5572D12EE}.Ad-Hoc|ARM.Deploy.0 = Release|Any CPU
		{04BB5F55-3174-49C5-B047-54C5572D12EE}.Ad-Hoc|iPhone.ActiveCfg = Release|Any CPU
		{04BB5F55-3174-49C5-B047-54C5572D12EE}.Ad-Hoc|iPhone.Build.0 = Release|Any CPU
		{04BB5F55-3174-49C5-B047-54C5572D12EE}.Ad-Hoc|iPhone.Deploy.0 = Release|Any CPU
		{04BB5F55-3174-49C5-B047-54C5572D12EE}.Ad-Hoc|iPhoneSimulator.ActiveCfg = Release|Any CPU
		{04BB5F55-3174-49C5-B047-54C5572D12EE}.Ad-Hoc|iPhoneSimulator.Build.0 = Release|Any CPU
		{04BB5F55-3174-49C5-B047-54C5572D12EE}.Ad-Hoc|iPhoneSimulator.Deploy.0 = Release|Any CPU
		{04BB5F55-3174-49C5-B047-54C5572D12EE}.Ad-Hoc|x64.ActiveCfg = Release|Any CPU
		{04BB5F55-3174-49C5-B047-54C5572D12EE}.Ad-Hoc|x64.Build.0 = Release|Any CPU
		{04BB5F55-3174-49C5-B047-54C5572D12EE}.Ad-Hoc|x64.Deploy.0 = Release|Any CPU
		{04BB5F55-3174-49C5-B047-54C5572D12EE}.Ad-Hoc|x86.ActiveCfg = Release|Any CPU
		{04BB5F55-3174-49C5-B047-54C5572D12EE}.Ad-Hoc|x86.Build.0 = Release|Any CPU
		{04BB5F55-3174-49C5-B047-54C5572D12EE}.Ad-Hoc|x86.Deploy.0 = Release|Any CPU
		{04BB5F55-3174-49C5-B047-54C5572D12EE}.AppStore|Any CPU.ActiveCfg = Release|Any CPU
		{04BB5F55-3174-49C5-B047-54C5572D12EE}.AppStore|Any CPU.Build.0 = Release|Any CPU
		{04BB5F55-3174-49C5-B047-54C5572D12EE}.AppStore|Any CPU.Deploy.0 = Release|Any CPU
		{04BB5F55-3174-49C5-B047-54C5572D12EE}.AppStore|ARM.ActiveCfg = Release|Any CPU
		{04BB5F55-3174-49C5-B047-54C5572D12EE}.AppStore|ARM.Build.0 = Release|Any CPU
		{04BB5F55-3174-49C5-B047-54C5572D12EE}.AppStore|ARM.Deploy.0 = Release|Any CPU
		{04BB5F55-3174-49C5-B047-54C5572D12EE}.AppStore|iPhone.ActiveCfg = Release|Any CPU
		{04BB5F55-3174-49C5-B047-54C5572D12EE}.AppStore|iPhone.Build.0 = Release|Any CPU
		{04BB5F55-3174-49C5-B047-54C5572D12EE}.AppStore|iPhone.Deploy.0 = Release|Any CPU
		{04BB5F55-3174-49C5-B047-54C5572D12EE}.AppStore|iPhoneSimulator.ActiveCfg = Release|Any CPU
		{04BB5F55-3174-49C5-B047-54C5572D12EE}.AppStore|iPhoneSimulator.Build.0 = Release|Any CPU
		{04BB5F55-3174-49C5-B047-54C5572D12EE}.AppStore|iPhoneSimulator.Deploy.0 = Release|Any CPU
		{04BB5F55-3174-49C5-B047-54C5572D12EE}.AppStore|x64.ActiveCfg = Release|Any CPU
		{04BB5F55-3174-49C5-B047-54C5572D12EE}.AppStore|x64.Build.0 = Release|Any CPU
		{04BB5F55-3174-49C5-B047-54C5572D12EE}.AppStore|x64.Deploy.0 = Release|Any CPU
		{04BB5F55-3174-49C5-B047-54C5572D12EE}.AppStore|x86.ActiveCfg = Release|Any CPU
		{04BB5F55-3174-49C5-B047-54C5572D12EE}.AppStore|x86.Build.0 = Release|Any CPU
		{04BB5F55-3174-49C5-B047-54C5572D12EE}.AppStore|x86.Deploy.0 = Release|Any CPU
		{04BB5F55-3174-49C5-B047-54C5572D12EE}.Debug|Any CPU.ActiveCfg = Debug|Any CPU
		{04BB5F55-3174-49C5-B047-54C5572D12EE}.Debug|Any CPU.Build.0 = Debug|Any CPU
		{04BB5F55-3174-49C5-B047-54C5572D12EE}.Debug|Any CPU.Deploy.0 = Debug|Any CPU
		{04BB5F55-3174-49C5-B047-54C5572D12EE}.Debug|ARM.ActiveCfg = Debug|Any CPU
		{04BB5F55-3174-49C5-B047-54C5572D12EE}.Debug|ARM.Build.0 = Debug|Any CPU
		{04BB5F55-3174-49C5-B047-54C5572D12EE}.Debug|ARM.Deploy.0 = Debug|Any CPU
		{04BB5F55-3174-49C5-B047-54C5572D12EE}.Debug|iPhone.ActiveCfg = Debug|Any CPU
		{04BB5F55-3174-49C5-B047-54C5572D12EE}.Debug|iPhone.Build.0 = Debug|Any CPU
		{04BB5F55-3174-49C5-B047-54C5572D12EE}.Debug|iPhone.Deploy.0 = Debug|Any CPU
		{04BB5F55-3174-49C5-B047-54C5572D12EE}.Debug|iPhoneSimulator.ActiveCfg = Debug|Any CPU
		{04BB5F55-3174-49C5-B047-54C5572D12EE}.Debug|iPhoneSimulator.Build.0 = Debug|Any CPU
		{04BB5F55-3174-49C5-B047-54C5572D12EE}.Debug|iPhoneSimulator.Deploy.0 = Debug|Any CPU
		{04BB5F55-3174-49C5-B047-54C5572D12EE}.Debug|x64.ActiveCfg = Debug|Any CPU
		{04BB5F55-3174-49C5-B047-54C5572D12EE}.Debug|x64.Build.0 = Debug|Any CPU
		{04BB5F55-3174-49C5-B047-54C5572D12EE}.Debug|x64.Deploy.0 = Debug|Any CPU
		{04BB5F55-3174-49C5-B047-54C5572D12EE}.Debug|x86.ActiveCfg = Debug|Any CPU
		{04BB5F55-3174-49C5-B047-54C5572D12EE}.Debug|x86.Build.0 = Debug|Any CPU
		{04BB5F55-3174-49C5-B047-54C5572D12EE}.Debug|x86.Deploy.0 = Debug|Any CPU
		{04BB5F55-3174-49C5-B047-54C5572D12EE}.Release|Any CPU.ActiveCfg = Release|Any CPU
		{04BB5F55-3174-49C5-B047-54C5572D12EE}.Release|Any CPU.Build.0 = Release|Any CPU
		{04BB5F55-3174-49C5-B047-54C5572D12EE}.Release|Any CPU.Deploy.0 = Release|Any CPU
		{04BB5F55-3174-49C5-B047-54C5572D12EE}.Release|ARM.ActiveCfg = Release|Any CPU
		{04BB5F55-3174-49C5-B047-54C5572D12EE}.Release|ARM.Build.0 = Release|Any CPU
		{04BB5F55-3174-49C5-B047-54C5572D12EE}.Release|ARM.Deploy.0 = Release|Any CPU
		{04BB5F55-3174-49C5-B047-54C5572D12EE}.Release|iPhone.ActiveCfg = Release|Any CPU
		{04BB5F55-3174-49C5-B047-54C5572D12EE}.Release|iPhone.Build.0 = Release|Any CPU
		{04BB5F55-3174-49C5-B047-54C5572D12EE}.Release|iPhone.Deploy.0 = Release|Any CPU
		{04BB5F55-3174-49C5-B047-54C5572D12EE}.Release|iPhoneSimulator.ActiveCfg = Release|Any CPU
		{04BB5F55-3174-49C5-B047-54C5572D12EE}.Release|iPhoneSimulator.Build.0 = Release|Any CPU
		{04BB5F55-3174-49C5-B047-54C5572D12EE}.Release|iPhoneSimulator.Deploy.0 = Release|Any CPU
		{04BB5F55-3174-49C5-B047-54C5572D12EE}.Release|x64.ActiveCfg = Release|Any CPU
		{04BB5F55-3174-49C5-B047-54C5572D12EE}.Release|x64.Build.0 = Release|Any CPU
		{04BB5F55-3174-49C5-B047-54C5572D12EE}.Release|x64.Deploy.0 = Release|Any CPU
		{04BB5F55-3174-49C5-B047-54C5572D12EE}.Release|x86.ActiveCfg = Release|Any CPU
		{04BB5F55-3174-49C5-B047-54C5572D12EE}.Release|x86.Build.0 = Release|Any CPU
		{04BB5F55-3174-49C5-B047-54C5572D12EE}.Release|x86.Deploy.0 = Release|Any CPU
		{D6D59002-5EEE-4C88-A4D8-04560405096D}.Ad-Hoc|Any CPU.ActiveCfg = Ad-Hoc|iPhone
		{D6D59002-5EEE-4C88-A4D8-04560405096D}.Ad-Hoc|ARM.ActiveCfg = Ad-Hoc|iPhone
		{D6D59002-5EEE-4C88-A4D8-04560405096D}.Ad-Hoc|iPhone.ActiveCfg = Ad-Hoc|iPhone
		{D6D59002-5EEE-4C88-A4D8-04560405096D}.Ad-Hoc|iPhone.Build.0 = Ad-Hoc|iPhone
		{D6D59002-5EEE-4C88-A4D8-04560405096D}.Ad-Hoc|iPhoneSimulator.ActiveCfg = Ad-Hoc|iPhoneSimulator
		{D6D59002-5EEE-4C88-A4D8-04560405096D}.Ad-Hoc|iPhoneSimulator.Build.0 = Ad-Hoc|iPhoneSimulator
		{D6D59002-5EEE-4C88-A4D8-04560405096D}.Ad-Hoc|x64.ActiveCfg = Ad-Hoc|iPhone
		{D6D59002-5EEE-4C88-A4D8-04560405096D}.Ad-Hoc|x86.ActiveCfg = Ad-Hoc|iPhone
		{D6D59002-5EEE-4C88-A4D8-04560405096D}.AppStore|Any CPU.ActiveCfg = AppStore|iPhone
		{D6D59002-5EEE-4C88-A4D8-04560405096D}.AppStore|ARM.ActiveCfg = AppStore|iPhone
		{D6D59002-5EEE-4C88-A4D8-04560405096D}.AppStore|iPhone.ActiveCfg = AppStore|iPhone
		{D6D59002-5EEE-4C88-A4D8-04560405096D}.AppStore|iPhone.Build.0 = AppStore|iPhone
		{D6D59002-5EEE-4C88-A4D8-04560405096D}.AppStore|iPhoneSimulator.ActiveCfg = AppStore|iPhoneSimulator
		{D6D59002-5EEE-4C88-A4D8-04560405096D}.AppStore|iPhoneSimulator.Build.0 = AppStore|iPhoneSimulator
		{D6D59002-5EEE-4C88-A4D8-04560405096D}.AppStore|x64.ActiveCfg = AppStore|iPhone
		{D6D59002-5EEE-4C88-A4D8-04560405096D}.AppStore|x86.ActiveCfg = AppStore|iPhone
		{D6D59002-5EEE-4C88-A4D8-04560405096D}.Debug|Any CPU.ActiveCfg = Debug|iPhone
		{D6D59002-5EEE-4C88-A4D8-04560405096D}.Debug|ARM.ActiveCfg = Debug|iPhone
		{D6D59002-5EEE-4C88-A4D8-04560405096D}.Debug|iPhone.ActiveCfg = Debug|iPhone
		{D6D59002-5EEE-4C88-A4D8-04560405096D}.Debug|iPhone.Build.0 = Debug|iPhone
		{D6D59002-5EEE-4C88-A4D8-04560405096D}.Debug|iPhoneSimulator.ActiveCfg = Debug|iPhoneSimulator
		{D6D59002-5EEE-4C88-A4D8-04560405096D}.Debug|iPhoneSimulator.Build.0 = Debug|iPhoneSimulator
		{D6D59002-5EEE-4C88-A4D8-04560405096D}.Debug|x64.ActiveCfg = Debug|iPhone
		{D6D59002-5EEE-4C88-A4D8-04560405096D}.Debug|x86.ActiveCfg = Debug|iPhone
		{D6D59002-5EEE-4C88-A4D8-04560405096D}.Release|Any CPU.ActiveCfg = Release|iPhone
		{D6D59002-5EEE-4C88-A4D8-04560405096D}.Release|ARM.ActiveCfg = Release|iPhone
		{D6D59002-5EEE-4C88-A4D8-04560405096D}.Release|iPhone.ActiveCfg = Release|iPhone
		{D6D59002-5EEE-4C88-A4D8-04560405096D}.Release|iPhone.Build.0 = Release|iPhone
		{D6D59002-5EEE-4C88-A4D8-04560405096D}.Release|iPhoneSimulator.ActiveCfg = Release|iPhoneSimulator
		{D6D59002-5EEE-4C88-A4D8-04560405096D}.Release|iPhoneSimulator.Build.0 = Release|iPhoneSimulator
		{D6D59002-5EEE-4C88-A4D8-04560405096D}.Release|x64.ActiveCfg = Release|iPhone
		{D6D59002-5EEE-4C88-A4D8-04560405096D}.Release|x86.ActiveCfg = Release|iPhone
		{04537A20-2C18-4F4B-8F39-C816A5366352}.Ad-Hoc|Any CPU.ActiveCfg = Release|Any CPU
		{04537A20-2C18-4F4B-8F39-C816A5366352}.Ad-Hoc|Any CPU.Build.0 = Release|Any CPU
		{04537A20-2C18-4F4B-8F39-C816A5366352}.Ad-Hoc|Any CPU.Deploy.0 = Release|Any CPU
		{04537A20-2C18-4F4B-8F39-C816A5366352}.Ad-Hoc|ARM.ActiveCfg = Release|ARM
		{04537A20-2C18-4F4B-8F39-C816A5366352}.Ad-Hoc|ARM.Build.0 = Release|ARM
		{04537A20-2C18-4F4B-8F39-C816A5366352}.Ad-Hoc|ARM.Deploy.0 = Release|ARM
		{04537A20-2C18-4F4B-8F39-C816A5366352}.Ad-Hoc|iPhone.ActiveCfg = Release|Any CPU
		{04537A20-2C18-4F4B-8F39-C816A5366352}.Ad-Hoc|iPhone.Build.0 = Release|Any CPU
		{04537A20-2C18-4F4B-8F39-C816A5366352}.Ad-Hoc|iPhone.Deploy.0 = Release|Any CPU
		{04537A20-2C18-4F4B-8F39-C816A5366352}.Ad-Hoc|iPhoneSimulator.ActiveCfg = Release|Any CPU
		{04537A20-2C18-4F4B-8F39-C816A5366352}.Ad-Hoc|iPhoneSimulator.Build.0 = Release|Any CPU
		{04537A20-2C18-4F4B-8F39-C816A5366352}.Ad-Hoc|iPhoneSimulator.Deploy.0 = Release|Any CPU
		{04537A20-2C18-4F4B-8F39-C816A5366352}.Ad-Hoc|x64.ActiveCfg = Release|Any CPU
		{04537A20-2C18-4F4B-8F39-C816A5366352}.Ad-Hoc|x64.Build.0 = Release|Any CPU
		{04537A20-2C18-4F4B-8F39-C816A5366352}.Ad-Hoc|x64.Deploy.0 = Release|Any CPU
		{04537A20-2C18-4F4B-8F39-C816A5366352}.Ad-Hoc|x86.ActiveCfg = Release|x86
		{04537A20-2C18-4F4B-8F39-C816A5366352}.Ad-Hoc|x86.Build.0 = Release|x86
		{04537A20-2C18-4F4B-8F39-C816A5366352}.Ad-Hoc|x86.Deploy.0 = Release|x86
		{04537A20-2C18-4F4B-8F39-C816A5366352}.AppStore|Any CPU.ActiveCfg = Release|Any CPU
		{04537A20-2C18-4F4B-8F39-C816A5366352}.AppStore|Any CPU.Build.0 = Release|Any CPU
		{04537A20-2C18-4F4B-8F39-C816A5366352}.AppStore|Any CPU.Deploy.0 = Release|Any CPU
		{04537A20-2C18-4F4B-8F39-C816A5366352}.AppStore|ARM.ActiveCfg = Release|ARM
		{04537A20-2C18-4F4B-8F39-C816A5366352}.AppStore|ARM.Build.0 = Release|ARM
		{04537A20-2C18-4F4B-8F39-C816A5366352}.AppStore|ARM.Deploy.0 = Release|ARM
		{04537A20-2C18-4F4B-8F39-C816A5366352}.AppStore|iPhone.ActiveCfg = Release|Any CPU
		{04537A20-2C18-4F4B-8F39-C816A5366352}.AppStore|iPhone.Build.0 = Release|Any CPU
		{04537A20-2C18-4F4B-8F39-C816A5366352}.AppStore|iPhone.Deploy.0 = Release|Any CPU
		{04537A20-2C18-4F4B-8F39-C816A5366352}.AppStore|iPhoneSimulator.ActiveCfg = Release|Any CPU
		{04537A20-2C18-4F4B-8F39-C816A5366352}.AppStore|iPhoneSimulator.Build.0 = Release|Any CPU
		{04537A20-2C18-4F4B-8F39-C816A5366352}.AppStore|iPhoneSimulator.Deploy.0 = Release|Any CPU
		{04537A20-2C18-4F4B-8F39-C816A5366352}.AppStore|x64.ActiveCfg = Release|Any CPU
		{04537A20-2C18-4F4B-8F39-C816A5366352}.AppStore|x64.Build.0 = Release|Any CPU
		{04537A20-2C18-4F4B-8F39-C816A5366352}.AppStore|x64.Deploy.0 = Release|Any CPU
		{04537A20-2C18-4F4B-8F39-C816A5366352}.AppStore|x86.ActiveCfg = Release|x86
		{04537A20-2C18-4F4B-8F39-C816A5366352}.AppStore|x86.Build.0 = Release|x86
		{04537A20-2C18-4F4B-8F39-C816A5366352}.AppStore|x86.Deploy.0 = Release|x86
		{04537A20-2C18-4F4B-8F39-C816A5366352}.Debug|Any CPU.ActiveCfg = Debug|Any CPU
		{04537A20-2C18-4F4B-8F39-C816A5366352}.Debug|ARM.ActiveCfg = Debug|ARM
		{04537A20-2C18-4F4B-8F39-C816A5366352}.Debug|ARM.Build.0 = Debug|ARM
		{04537A20-2C18-4F4B-8F39-C816A5366352}.Debug|ARM.Deploy.0 = Debug|ARM
		{04537A20-2C18-4F4B-8F39-C816A5366352}.Debug|iPhone.ActiveCfg = Debug|Any CPU
		{04537A20-2C18-4F4B-8F39-C816A5366352}.Debug|iPhone.Build.0 = Debug|Any CPU
		{04537A20-2C18-4F4B-8F39-C816A5366352}.Debug|iPhone.Deploy.0 = Debug|Any CPU
		{04537A20-2C18-4F4B-8F39-C816A5366352}.Debug|iPhoneSimulator.ActiveCfg = Debug|Any CPU
		{04537A20-2C18-4F4B-8F39-C816A5366352}.Debug|iPhoneSimulator.Build.0 = Debug|Any CPU
		{04537A20-2C18-4F4B-8F39-C816A5366352}.Debug|iPhoneSimulator.Deploy.0 = Debug|Any CPU
		{04537A20-2C18-4F4B-8F39-C816A5366352}.Debug|x64.ActiveCfg = Debug|Any CPU
		{04537A20-2C18-4F4B-8F39-C816A5366352}.Debug|x64.Build.0 = Debug|Any CPU
		{04537A20-2C18-4F4B-8F39-C816A5366352}.Debug|x64.Deploy.0 = Debug|Any CPU
		{04537A20-2C18-4F4B-8F39-C816A5366352}.Debug|x86.ActiveCfg = Debug|x86
		{04537A20-2C18-4F4B-8F39-C816A5366352}.Debug|x86.Build.0 = Debug|x86
		{04537A20-2C18-4F4B-8F39-C816A5366352}.Debug|x86.Deploy.0 = Debug|x86
		{04537A20-2C18-4F4B-8F39-C816A5366352}.Release|Any CPU.ActiveCfg = Release|Any CPU
		{04537A20-2C18-4F4B-8F39-C816A5366352}.Release|Any CPU.Build.0 = Release|Any CPU
		{04537A20-2C18-4F4B-8F39-C816A5366352}.Release|Any CPU.Deploy.0 = Release|Any CPU
		{04537A20-2C18-4F4B-8F39-C816A5366352}.Release|ARM.ActiveCfg = Release|ARM
		{04537A20-2C18-4F4B-8F39-C816A5366352}.Release|ARM.Build.0 = Release|ARM
		{04537A20-2C18-4F4B-8F39-C816A5366352}.Release|ARM.Deploy.0 = Release|ARM
		{04537A20-2C18-4F4B-8F39-C816A5366352}.Release|iPhone.ActiveCfg = Release|Any CPU
		{04537A20-2C18-4F4B-8F39-C816A5366352}.Release|iPhone.Build.0 = Release|Any CPU
		{04537A20-2C18-4F4B-8F39-C816A5366352}.Release|iPhone.Deploy.0 = Release|Any CPU
		{04537A20-2C18-4F4B-8F39-C816A5366352}.Release|iPhoneSimulator.ActiveCfg = Release|Any CPU
		{04537A20-2C18-4F4B-8F39-C816A5366352}.Release|iPhoneSimulator.Build.0 = Release|Any CPU
		{04537A20-2C18-4F4B-8F39-C816A5366352}.Release|iPhoneSimulator.Deploy.0 = Release|Any CPU
		{04537A20-2C18-4F4B-8F39-C816A5366352}.Release|x64.ActiveCfg = Release|Any CPU
		{04537A20-2C18-4F4B-8F39-C816A5366352}.Release|x64.Build.0 = Release|Any CPU
		{04537A20-2C18-4F4B-8F39-C816A5366352}.Release|x64.Deploy.0 = Release|Any CPU
		{04537A20-2C18-4F4B-8F39-C816A5366352}.Release|x86.ActiveCfg = Release|x86
		{04537A20-2C18-4F4B-8F39-C816A5366352}.Release|x86.Build.0 = Release|x86
		{04537A20-2C18-4F4B-8F39-C816A5366352}.Release|x86.Deploy.0 = Release|x86
		{2E150223-DAC3-41CD-B342-7DE6DB8AE460}.Ad-Hoc|Any CPU.ActiveCfg = Release|x86
		{2E150223-DAC3-41CD-B342-7DE6DB8AE460}.Ad-Hoc|Any CPU.Build.0 = Release|x86
		{2E150223-DAC3-41CD-B342-7DE6DB8AE460}.Ad-Hoc|Any CPU.Deploy.0 = Release|x86
		{2E150223-DAC3-41CD-B342-7DE6DB8AE460}.Ad-Hoc|ARM.ActiveCfg = Release|ARM
		{2E150223-DAC3-41CD-B342-7DE6DB8AE460}.Ad-Hoc|ARM.Build.0 = Release|ARM
		{2E150223-DAC3-41CD-B342-7DE6DB8AE460}.Ad-Hoc|ARM.Deploy.0 = Release|ARM
		{2E150223-DAC3-41CD-B342-7DE6DB8AE460}.Ad-Hoc|iPhone.ActiveCfg = Release|x86
		{2E150223-DAC3-41CD-B342-7DE6DB8AE460}.Ad-Hoc|iPhone.Build.0 = Release|x86
		{2E150223-DAC3-41CD-B342-7DE6DB8AE460}.Ad-Hoc|iPhone.Deploy.0 = Release|x86
		{2E150223-DAC3-41CD-B342-7DE6DB8AE460}.Ad-Hoc|iPhoneSimulator.ActiveCfg = Release|x86
		{2E150223-DAC3-41CD-B342-7DE6DB8AE460}.Ad-Hoc|iPhoneSimulator.Build.0 = Release|x86
		{2E150223-DAC3-41CD-B342-7DE6DB8AE460}.Ad-Hoc|iPhoneSimulator.Deploy.0 = Release|x86
		{2E150223-DAC3-41CD-B342-7DE6DB8AE460}.Ad-Hoc|x64.ActiveCfg = Release|x64
		{2E150223-DAC3-41CD-B342-7DE6DB8AE460}.Ad-Hoc|x64.Build.0 = Release|x64
		{2E150223-DAC3-41CD-B342-7DE6DB8AE460}.Ad-Hoc|x64.Deploy.0 = Release|x64
		{2E150223-DAC3-41CD-B342-7DE6DB8AE460}.Ad-Hoc|x86.ActiveCfg = Release|x86
		{2E150223-DAC3-41CD-B342-7DE6DB8AE460}.Ad-Hoc|x86.Build.0 = Release|x86
		{2E150223-DAC3-41CD-B342-7DE6DB8AE460}.Ad-Hoc|x86.Deploy.0 = Release|x86
		{2E150223-DAC3-41CD-B342-7DE6DB8AE460}.AppStore|Any CPU.ActiveCfg = Release|x86
		{2E150223-DAC3-41CD-B342-7DE6DB8AE460}.AppStore|Any CPU.Build.0 = Release|x86
		{2E150223-DAC3-41CD-B342-7DE6DB8AE460}.AppStore|Any CPU.Deploy.0 = Release|x86
		{2E150223-DAC3-41CD-B342-7DE6DB8AE460}.AppStore|ARM.ActiveCfg = Release|ARM
		{2E150223-DAC3-41CD-B342-7DE6DB8AE460}.AppStore|ARM.Build.0 = Release|ARM
		{2E150223-DAC3-41CD-B342-7DE6DB8AE460}.AppStore|ARM.Deploy.0 = Release|ARM
		{2E150223-DAC3-41CD-B342-7DE6DB8AE460}.AppStore|iPhone.ActiveCfg = Release|x86
		{2E150223-DAC3-41CD-B342-7DE6DB8AE460}.AppStore|iPhone.Build.0 = Release|x86
		{2E150223-DAC3-41CD-B342-7DE6DB8AE460}.AppStore|iPhone.Deploy.0 = Release|x86
		{2E150223-DAC3-41CD-B342-7DE6DB8AE460}.AppStore|iPhoneSimulator.ActiveCfg = Release|x86
		{2E150223-DAC3-41CD-B342-7DE6DB8AE460}.AppStore|iPhoneSimulator.Build.0 = Release|x86
		{2E150223-DAC3-41CD-B342-7DE6DB8AE460}.AppStore|iPhoneSimulator.Deploy.0 = Release|x86
		{2E150223-DAC3-41CD-B342-7DE6DB8AE460}.AppStore|x64.ActiveCfg = Release|x64
		{2E150223-DAC3-41CD-B342-7DE6DB8AE460}.AppStore|x64.Build.0 = Release|x64
		{2E150223-DAC3-41CD-B342-7DE6DB8AE460}.AppStore|x64.Deploy.0 = Release|x64
		{2E150223-DAC3-41CD-B342-7DE6DB8AE460}.AppStore|x86.ActiveCfg = Release|x86
		{2E150223-DAC3-41CD-B342-7DE6DB8AE460}.AppStore|x86.Build.0 = Release|x86
		{2E150223-DAC3-41CD-B342-7DE6DB8AE460}.AppStore|x86.Deploy.0 = Release|x86
		{2E150223-DAC3-41CD-B342-7DE6DB8AE460}.Debug|Any CPU.ActiveCfg = Debug|x86
		{2E150223-DAC3-41CD-B342-7DE6DB8AE460}.Debug|ARM.ActiveCfg = Debug|ARM
		{2E150223-DAC3-41CD-B342-7DE6DB8AE460}.Debug|ARM.Build.0 = Debug|ARM
		{2E150223-DAC3-41CD-B342-7DE6DB8AE460}.Debug|ARM.Deploy.0 = Debug|ARM
		{2E150223-DAC3-41CD-B342-7DE6DB8AE460}.Debug|iPhone.ActiveCfg = Debug|x86
		{2E150223-DAC3-41CD-B342-7DE6DB8AE460}.Debug|iPhoneSimulator.ActiveCfg = Debug|x86
		{2E150223-DAC3-41CD-B342-7DE6DB8AE460}.Debug|x64.ActiveCfg = Debug|x64
		{2E150223-DAC3-41CD-B342-7DE6DB8AE460}.Debug|x64.Build.0 = Debug|x64
		{2E150223-DAC3-41CD-B342-7DE6DB8AE460}.Debug|x64.Deploy.0 = Debug|x64
		{2E150223-DAC3-41CD-B342-7DE6DB8AE460}.Debug|x86.ActiveCfg = Debug|x86
		{2E150223-DAC3-41CD-B342-7DE6DB8AE460}.Debug|x86.Build.0 = Debug|x86
		{2E150223-DAC3-41CD-B342-7DE6DB8AE460}.Debug|x86.Deploy.0 = Debug|x86
		{2E150223-DAC3-41CD-B342-7DE6DB8AE460}.Release|Any CPU.ActiveCfg = Release|x86
		{2E150223-DAC3-41CD-B342-7DE6DB8AE460}.Release|ARM.ActiveCfg = Release|ARM
		{2E150223-DAC3-41CD-B342-7DE6DB8AE460}.Release|ARM.Build.0 = Release|ARM
		{2E150223-DAC3-41CD-B342-7DE6DB8AE460}.Release|ARM.Deploy.0 = Release|ARM
		{2E150223-DAC3-41CD-B342-7DE6DB8AE460}.Release|iPhone.ActiveCfg = Release|x86
		{2E150223-DAC3-41CD-B342-7DE6DB8AE460}.Release|iPhoneSimulator.ActiveCfg = Release|x86
		{2E150223-DAC3-41CD-B342-7DE6DB8AE460}.Release|x64.ActiveCfg = Release|x64
		{2E150223-DAC3-41CD-B342-7DE6DB8AE460}.Release|x64.Build.0 = Release|x64
		{2E150223-DAC3-41CD-B342-7DE6DB8AE460}.Release|x64.Deploy.0 = Release|x64
		{2E150223-DAC3-41CD-B342-7DE6DB8AE460}.Release|x86.ActiveCfg = Release|x86
		{2E150223-DAC3-41CD-B342-7DE6DB8AE460}.Release|x86.Build.0 = Release|x86
		{2E150223-DAC3-41CD-B342-7DE6DB8AE460}.Release|x86.Deploy.0 = Release|x86
		{E47CEF81-0FC4-4BBC-86A4-FA87E6E15CEC}.Ad-Hoc|Any CPU.ActiveCfg = Release|Any CPU
		{E47CEF81-0FC4-4BBC-86A4-FA87E6E15CEC}.Ad-Hoc|Any CPU.Build.0 = Release|Any CPU
		{E47CEF81-0FC4-4BBC-86A4-FA87E6E15CEC}.Ad-Hoc|Any CPU.Deploy.0 = Release|Any CPU
		{E47CEF81-0FC4-4BBC-86A4-FA87E6E15CEC}.Ad-Hoc|ARM.ActiveCfg = Release|ARM
		{E47CEF81-0FC4-4BBC-86A4-FA87E6E15CEC}.Ad-Hoc|ARM.Build.0 = Release|ARM
		{E47CEF81-0FC4-4BBC-86A4-FA87E6E15CEC}.Ad-Hoc|ARM.Deploy.0 = Release|ARM
		{E47CEF81-0FC4-4BBC-86A4-FA87E6E15CEC}.Ad-Hoc|iPhone.ActiveCfg = Release|Any CPU
		{E47CEF81-0FC4-4BBC-86A4-FA87E6E15CEC}.Ad-Hoc|iPhone.Build.0 = Release|Any CPU
		{E47CEF81-0FC4-4BBC-86A4-FA87E6E15CEC}.Ad-Hoc|iPhone.Deploy.0 = Release|Any CPU
		{E47CEF81-0FC4-4BBC-86A4-FA87E6E15CEC}.Ad-Hoc|iPhoneSimulator.ActiveCfg = Release|Any CPU
		{E47CEF81-0FC4-4BBC-86A4-FA87E6E15CEC}.Ad-Hoc|iPhoneSimulator.Build.0 = Release|Any CPU
		{E47CEF81-0FC4-4BBC-86A4-FA87E6E15CEC}.Ad-Hoc|iPhoneSimulator.Deploy.0 = Release|Any CPU
		{E47CEF81-0FC4-4BBC-86A4-FA87E6E15CEC}.Ad-Hoc|x64.ActiveCfg = Release|x64
		{E47CEF81-0FC4-4BBC-86A4-FA87E6E15CEC}.Ad-Hoc|x64.Build.0 = Release|x64
		{E47CEF81-0FC4-4BBC-86A4-FA87E6E15CEC}.Ad-Hoc|x64.Deploy.0 = Release|x64
		{E47CEF81-0FC4-4BBC-86A4-FA87E6E15CEC}.Ad-Hoc|x86.ActiveCfg = Release|x86
		{E47CEF81-0FC4-4BBC-86A4-FA87E6E15CEC}.Ad-Hoc|x86.Build.0 = Release|x86
		{E47CEF81-0FC4-4BBC-86A4-FA87E6E15CEC}.Ad-Hoc|x86.Deploy.0 = Release|x86
		{E47CEF81-0FC4-4BBC-86A4-FA87E6E15CEC}.AppStore|Any CPU.ActiveCfg = Release|Any CPU
		{E47CEF81-0FC4-4BBC-86A4-FA87E6E15CEC}.AppStore|Any CPU.Build.0 = Release|Any CPU
		{E47CEF81-0FC4-4BBC-86A4-FA87E6E15CEC}.AppStore|Any CPU.Deploy.0 = Release|Any CPU
		{E47CEF81-0FC4-4BBC-86A4-FA87E6E15CEC}.AppStore|ARM.ActiveCfg = Release|ARM
		{E47CEF81-0FC4-4BBC-86A4-FA87E6E15CEC}.AppStore|ARM.Build.0 = Release|ARM
		{E47CEF81-0FC4-4BBC-86A4-FA87E6E15CEC}.AppStore|ARM.Deploy.0 = Release|ARM
		{E47CEF81-0FC4-4BBC-86A4-FA87E6E15CEC}.AppStore|iPhone.ActiveCfg = Release|Any CPU
		{E47CEF81-0FC4-4BBC-86A4-FA87E6E15CEC}.AppStore|iPhone.Build.0 = Release|Any CPU
		{E47CEF81-0FC4-4BBC-86A4-FA87E6E15CEC}.AppStore|iPhone.Deploy.0 = Release|Any CPU
		{E47CEF81-0FC4-4BBC-86A4-FA87E6E15CEC}.AppStore|iPhoneSimulator.ActiveCfg = Release|Any CPU
		{E47CEF81-0FC4-4BBC-86A4-FA87E6E15CEC}.AppStore|iPhoneSimulator.Build.0 = Release|Any CPU
		{E47CEF81-0FC4-4BBC-86A4-FA87E6E15CEC}.AppStore|iPhoneSimulator.Deploy.0 = Release|Any CPU
		{E47CEF81-0FC4-4BBC-86A4-FA87E6E15CEC}.AppStore|x64.ActiveCfg = Release|x64
		{E47CEF81-0FC4-4BBC-86A4-FA87E6E15CEC}.AppStore|x64.Build.0 = Release|x64
		{E47CEF81-0FC4-4BBC-86A4-FA87E6E15CEC}.AppStore|x64.Deploy.0 = Release|x64
		{E47CEF81-0FC4-4BBC-86A4-FA87E6E15CEC}.AppStore|x86.ActiveCfg = Release|x86
		{E47CEF81-0FC4-4BBC-86A4-FA87E6E15CEC}.AppStore|x86.Build.0 = Release|x86
		{E47CEF81-0FC4-4BBC-86A4-FA87E6E15CEC}.AppStore|x86.Deploy.0 = Release|x86
		{E47CEF81-0FC4-4BBC-86A4-FA87E6E15CEC}.Debug|Any CPU.ActiveCfg = Debug|Any CPU
		{E47CEF81-0FC4-4BBC-86A4-FA87E6E15CEC}.Debug|ARM.ActiveCfg = Debug|ARM
		{E47CEF81-0FC4-4BBC-86A4-FA87E6E15CEC}.Debug|ARM.Build.0 = Debug|ARM
		{E47CEF81-0FC4-4BBC-86A4-FA87E6E15CEC}.Debug|ARM.Deploy.0 = Debug|ARM
		{E47CEF81-0FC4-4BBC-86A4-FA87E6E15CEC}.Debug|iPhone.ActiveCfg = Debug|Any CPU
		{E47CEF81-0FC4-4BBC-86A4-FA87E6E15CEC}.Debug|iPhone.Build.0 = Debug|Any CPU
		{E47CEF81-0FC4-4BBC-86A4-FA87E6E15CEC}.Debug|iPhone.Deploy.0 = Debug|Any CPU
		{E47CEF81-0FC4-4BBC-86A4-FA87E6E15CEC}.Debug|iPhoneSimulator.ActiveCfg = Debug|Any CPU
		{E47CEF81-0FC4-4BBC-86A4-FA87E6E15CEC}.Debug|iPhoneSimulator.Build.0 = Debug|Any CPU
		{E47CEF81-0FC4-4BBC-86A4-FA87E6E15CEC}.Debug|iPhoneSimulator.Deploy.0 = Debug|Any CPU
		{E47CEF81-0FC4-4BBC-86A4-FA87E6E15CEC}.Debug|x64.ActiveCfg = Debug|x64
		{E47CEF81-0FC4-4BBC-86A4-FA87E6E15CEC}.Debug|x64.Build.0 = Debug|x64
		{E47CEF81-0FC4-4BBC-86A4-FA87E6E15CEC}.Debug|x64.Deploy.0 = Debug|x64
		{E47CEF81-0FC4-4BBC-86A4-FA87E6E15CEC}.Debug|x86.ActiveCfg = Debug|x86
		{E47CEF81-0FC4-4BBC-86A4-FA87E6E15CEC}.Debug|x86.Build.0 = Debug|x86
		{E47CEF81-0FC4-4BBC-86A4-FA87E6E15CEC}.Debug|x86.Deploy.0 = Debug|x86
		{E47CEF81-0FC4-4BBC-86A4-FA87E6E15CEC}.Release|Any CPU.ActiveCfg = Release|Any CPU
		{E47CEF81-0FC4-4BBC-86A4-FA87E6E15CEC}.Release|Any CPU.Build.0 = Release|Any CPU
		{E47CEF81-0FC4-4BBC-86A4-FA87E6E15CEC}.Release|Any CPU.Deploy.0 = Release|Any CPU
		{E47CEF81-0FC4-4BBC-86A4-FA87E6E15CEC}.Release|ARM.ActiveCfg = Release|ARM
		{E47CEF81-0FC4-4BBC-86A4-FA87E6E15CEC}.Release|ARM.Build.0 = Release|ARM
		{E47CEF81-0FC4-4BBC-86A4-FA87E6E15CEC}.Release|ARM.Deploy.0 = Release|ARM
		{E47CEF81-0FC4-4BBC-86A4-FA87E6E15CEC}.Release|iPhone.ActiveCfg = Release|Any CPU
		{E47CEF81-0FC4-4BBC-86A4-FA87E6E15CEC}.Release|iPhone.Build.0 = Release|Any CPU
		{E47CEF81-0FC4-4BBC-86A4-FA87E6E15CEC}.Release|iPhone.Deploy.0 = Release|Any CPU
		{E47CEF81-0FC4-4BBC-86A4-FA87E6E15CEC}.Release|iPhoneSimulator.ActiveCfg = Release|Any CPU
		{E47CEF81-0FC4-4BBC-86A4-FA87E6E15CEC}.Release|iPhoneSimulator.Build.0 = Release|Any CPU
		{E47CEF81-0FC4-4BBC-86A4-FA87E6E15CEC}.Release|iPhoneSimulator.Deploy.0 = Release|Any CPU
		{E47CEF81-0FC4-4BBC-86A4-FA87E6E15CEC}.Release|x64.ActiveCfg = Release|x64
		{E47CEF81-0FC4-4BBC-86A4-FA87E6E15CEC}.Release|x64.Build.0 = Release|x64
		{E47CEF81-0FC4-4BBC-86A4-FA87E6E15CEC}.Release|x64.Deploy.0 = Release|x64
		{E47CEF81-0FC4-4BBC-86A4-FA87E6E15CEC}.Release|x86.ActiveCfg = Release|x86
		{E47CEF81-0FC4-4BBC-86A4-FA87E6E15CEC}.Release|x86.Build.0 = Release|x86
		{E47CEF81-0FC4-4BBC-86A4-FA87E6E15CEC}.Release|x86.Deploy.0 = Release|x86
	EndGlobalSection
	GlobalSection(SolutionProperties) = preSolution
		HideSolutionNode = FALSE
	EndGlobalSection
EndGlobal
